<?xml version="1.0" encoding="utf-8"?>
<Project ToolsVersion="16.0" xmlns="http://schemas.microsoft.com/developer/msbuild/2003">
  <ItemGroup>
    <CustomBuild Include="C:\Users\10641617\workspace\torchvision_ops\win_proj\CMakeFiles\4cd66cead0b7566560b42d2b9f53a25b\generate.stamp.rule">
      <Filter>CMake Rules</Filter>
    </CustomBuild>
  </ItemGroup>
  <ItemGroup>
    <Filter Include="CMake Rules">
      <UniqueIdentifier>{AC663209-C1E1-32F5-A111-42BE0FCD6E8A}</UniqueIdentifier>
    </Filter>
  </ItemGroup>
</Project>
