<?xml version="1.0" encoding="utf-8"?>
<Project ToolsVersion="16.0" xmlns="http://schemas.microsoft.com/developer/msbuild/2003">
  <ItemGroup>
    <CustomBuild Include="C:\Users\10641617\workspace\torchvision_ops\build\CMakeFiles\c0958ac1a7449a1224493406919826b2\generate.stamp.rule">
      <Filter>CMake Rules</Filter>
    </CustomBuild>
  </ItemGroup>
  <ItemGroup>
    <Filter Include="CMake Rules">
      <UniqueIdentifier>{88755C0D-B4E9-3EF7-A7EE-6B0C5A11F692}</UniqueIdentifier>
    </Filter>
  </ItemGroup>
</Project>
